
Microsoft Visual Studio Solution File, Format Version 12.00
# Visual Studio Version 17
VisualStudioVersion = 17.0.31903.59
MinimumVisualStudioVersion = 10.0.40219.1
Project("{FAE04EC0-301F-11D3-BF4B-00C04F79EFBC}") = "MyLibTemplate", "MyLibTemplate\MyLibTemplate.csproj", "{1CB2852E-C44C-495E-B77B-435418B88318}"
EndProject
Project("{FAE04EC0-301F-11D3-BF4B-00C04F79EFBC}") = "MyLibTemplate.Tests", "MyLibTemplate.Tests\MyLibTemplate.Tests.csproj", "{8E81B304-48C3-4D05-93D1-F073A9A6DD61}"
EndProject
Project("{FAE04EC0-301F-11D3-BF4B-00C04F79EFBC}") = "MyLibTemplate.Console", "MyLibTemplate.Console\MyLibTemplate.Console.csproj", "{D071370B-AF0A-483A-9172-75DF6590A67B}"
EndProject
Project("{FAE04EC0-301F-11D3-BF4B-00C04F79EFBC}") = "MyLibTemplate.Web", "MyLibTemplate.Web\MyLibTemplate.Web.csproj", "{2B86C002-1C32-4EF4-93F4-0F3B74A474C5}"
EndProject
Project("{FAE04EC0-301F-11D3-BF4B-00C04F79EFBC}") = "MyLibTemplate.Api", "MyLibTemplate.Api\MyLibTemplate.Api.csproj", "{EF10DDD7-8209-423D-A9DC-481BD3377170}"
EndProject
Global
	GlobalSection(SolutionConfigurationPlatforms) = preSolution
		Debug|Any CPU = Debug|Any CPU
		Debug|x64 = Debug|x64
		Debug|x86 = Debug|x86
		Release|Any CPU = Release|Any CPU
		Release|x64 = Release|x64
		Release|x86 = Release|x86
	EndGlobalSection
	GlobalSection(ProjectConfigurationPlatforms) = postSolution
		{1CB2852E-C44C-495E-B77B-435418B88318}.Debug|Any CPU.ActiveCfg = Debug|Any CPU
		{1CB2852E-C44C-495E-B77B-435418B88318}.Debug|Any CPU.Build.0 = Debug|Any CPU
		{1CB2852E-C44C-495E-B77B-435418B88318}.Debug|x64.ActiveCfg = Debug|Any CPU
		{1CB2852E-C44C-495E-B77B-435418B88318}.Debug|x64.Build.0 = Debug|Any CPU
		{1CB2852E-C44C-495E-B77B-435418B88318}.Debug|x86.ActiveCfg = Debug|Any CPU
		{1CB2852E-C44C-495E-B77B-435418B88318}.Debug|x86.Build.0 = Debug|Any CPU
		{1CB2852E-C44C-495E-B77B-435418B88318}.Release|Any CPU.ActiveCfg = Release|Any CPU
		{1CB2852E-C44C-495E-B77B-435418B88318}.Release|Any CPU.Build.0 = Release|Any CPU
		{1CB2852E-C44C-495E-B77B-435418B88318}.Release|x64.ActiveCfg = Release|Any CPU
		{1CB2852E-C44C-495E-B77B-435418B88318}.Release|x64.Build.0 = Release|Any CPU
		{1CB2852E-C44C-495E-B77B-435418B88318}.Release|x86.ActiveCfg = Release|Any CPU
		{1CB2852E-C44C-495E-B77B-435418B88318}.Release|x86.Build.0 = Release|Any CPU
		{8E81B304-48C3-4D05-93D1-F073A9A6DD61}.Debug|Any CPU.ActiveCfg = Debug|Any CPU
		{8E81B304-48C3-4D05-93D1-F073A9A6DD61}.Debug|Any CPU.Build.0 = Debug|Any CPU
		{8E81B304-48C3-4D05-93D1-F073A9A6DD61}.Debug|x64.ActiveCfg = Debug|Any CPU
		{8E81B304-48C3-4D05-93D1-F073A9A6DD61}.Debug|x64.Build.0 = Debug|Any CPU
		{8E81B304-48C3-4D05-93D1-F073A9A6DD61}.Debug|x86.ActiveCfg = Debug|Any CPU
		{8E81B304-48C3-4D05-93D1-F073A9A6DD61}.Debug|x86.Build.0 = Debug|Any CPU
		{8E81B304-48C3-4D05-93D1-F073A9A6DD61}.Release|Any CPU.ActiveCfg = Release|Any CPU
		{8E81B304-48C3-4D05-93D1-F073A9A6DD61}.Release|Any CPU.Build.0 = Release|Any CPU
		{8E81B304-48C3-4D05-93D1-F073A9A6DD61}.Release|x64.ActiveCfg = Release|Any CPU
		{8E81B304-48C3-4D05-93D1-F073A9A6DD61}.Release|x64.Build.0 = Release|Any CPU
		{8E81B304-48C3-4D05-93D1-F073A9A6DD61}.Release|x86.ActiveCfg = Release|Any CPU
		{8E81B304-48C3-4D05-93D1-F073A9A6DD61}.Release|x86.Build.0 = Release|Any CPU
		{D071370B-AF0A-483A-9172-75DF6590A67B}.Debug|Any CPU.ActiveCfg = Debug|Any CPU
		{D071370B-AF0A-483A-9172-75DF6590A67B}.Debug|Any CPU.Build.0 = Debug|Any CPU
		{D071370B-AF0A-483A-9172-75DF6590A67B}.Debug|x64.ActiveCfg = Debug|Any CPU
		{D071370B-AF0A-483A-9172-75DF6590A67B}.Debug|x64.Build.0 = Debug|Any CPU
		{D071370B-AF0A-483A-9172-75DF6590A67B}.Debug|x86.ActiveCfg = Debug|Any CPU
		{D071370B-AF0A-483A-9172-75DF6590A67B}.Debug|x86.Build.0 = Debug|Any CPU
		{D071370B-AF0A-483A-9172-75DF6590A67B}.Release|Any CPU.ActiveCfg = Release|Any CPU
		{D071370B-AF0A-483A-9172-75DF6590A67B}.Release|Any CPU.Build.0 = Release|Any CPU
		{D071370B-AF0A-483A-9172-75DF6590A67B}.Release|x64.ActiveCfg = Release|Any CPU
		{D071370B-AF0A-483A-9172-75DF6590A67B}.Release|x64.Build.0 = Release|Any CPU
		{D071370B-AF0A-483A-9172-75DF6590A67B}.Release|x86.ActiveCfg = Release|Any CPU
		{D071370B-AF0A-483A-9172-75DF6590A67B}.Release|x86.Build.0 = Release|Any CPU
		{2B86C002-1C32-4EF4-93F4-0F3B74A474C5}.Debug|Any CPU.ActiveCfg = Debug|Any CPU
		{2B86C002-1C32-4EF4-93F4-0F3B74A474C5}.Debug|Any CPU.Build.0 = Debug|Any CPU
		{2B86C002-1C32-4EF4-93F4-0F3B74A474C5}.Debug|x64.ActiveCfg = Debug|Any CPU
		{2B86C002-1C32-4EF4-93F4-0F3B74A474C5}.Debug|x64.Build.0 = Debug|Any CPU
		{2B86C002-1C32-4EF4-93F4-0F3B74A474C5}.Debug|x86.ActiveCfg = Debug|Any CPU
		{2B86C002-1C32-4EF4-93F4-0F3B74A474C5}.Debug|x86.Build.0 = Debug|Any CPU
		{2B86C002-1C32-4EF4-93F4-0F3B74A474C5}.Release|Any CPU.ActiveCfg = Release|Any CPU
		{2B86C002-1C32-4EF4-93F4-0F3B74A474C5}.Release|Any CPU.Build.0 = Release|Any CPU
		{2B86C002-1C32-4EF4-93F4-0F3B74A474C5}.Release|x64.ActiveCfg = Release|Any CPU
		{2B86C002-1C32-4EF4-93F4-0F3B74A474C5}.Release|x64.Build.0 = Release|Any CPU
		{2B86C002-1C32-4EF4-93F4-0F3B74A474C5}.Release|x86.ActiveCfg = Release|Any CPU
		{2B86C002-1C32-4EF4-93F4-0F3B74A474C5}.Release|x86.Build.0 = Release|Any CPU
		{EF10DDD7-8209-423D-A9DC-481BD3377170}.Debug|Any CPU.ActiveCfg = Debug|Any CPU
		{EF10DDD7-8209-423D-A9DC-481BD3377170}.Debug|Any CPU.Build.0 = Debug|Any CPU
		{EF10DDD7-8209-423D-A9DC-481BD3377170}.Debug|x64.ActiveCfg = Debug|Any CPU
		{EF10DDD7-8209-423D-A9DC-481BD3377170}.Debug|x64.Build.0 = Debug|Any CPU
		{EF10DDD7-8209-423D-A9DC-481BD3377170}.Debug|x86.ActiveCfg = Debug|Any CPU
		{EF10DDD7-8209-423D-A9DC-481BD3377170}.Debug|x86.Build.0 = Debug|Any CPU
		{EF10DDD7-8209-423D-A9DC-481BD3377170}.Release|Any CPU.ActiveCfg = Release|Any CPU
		{EF10DDD7-8209-423D-A9DC-481BD3377170}.Release|Any CPU.Build.0 = Release|Any CPU
		{EF10DDD7-8209-423D-A9DC-481BD3377170}.Release|x64.ActiveCfg = Release|Any CPU
		{EF10DDD7-8209-423D-A9DC-481BD3377170}.Release|x64.Build.0 = Release|Any CPU
		{EF10DDD7-8209-423D-A9DC-481BD3377170}.Release|x86.ActiveCfg = Release|Any CPU
		{EF10DDD7-8209-423D-A9DC-481BD3377170}.Release|x86.Build.0 = Release|Any CPU
	EndGlobalSection
	GlobalSection(SolutionProperties) = preSolution
		HideSolutionNode = FALSE
	EndGlobalSection
EndGlobal
